{
  "name": "websocket-server",
  "version": "0.1.0",
  "lockfileVersion": 2,
  "requires": true,
  "packages": {
    "": {
      "name": "websocket-server",
      "version": "0.1.0",
      "license": "Apache-2.0",
      "dependencies": {
        "@asyncapi/glee": "file:../../..",
        "@asyncapi/parser": "^1.17.2",
        "flat-file-db": "^1.0.0",
        "lowdb": "^3.0.0"
      },
      "engines": {
        "node": ">=14.15.1"
      }
    },
    "../../..": {
      "version": "0.10.17",
      "license": "Apache-2.0",
      "dependencies": {
        "@asyncapi/generator": "^1.9.3",
        "@asyncapi/parser": "^1.13.1",
        "@types/jest": "^27.4.0",
        "@types/qs": "^6.9.7",
        "ajv": "^6.12.6",
        "async": "^3.2.0",
        "better-ajv-errors": "^0.7.0",
        "bufferutil": "^4.0.3",
        "chalk": "^4.1.1",
        "cross-spawn": "^7.0.3",
        "debug": "^4.3.1",
        "dotenv": "^10.0.0",
        "dotenv-expand": "^5.1.0",
        "emojis": "^1.0.10",
        "eslint-plugin-github": "^4.3.5",
        "eslint-plugin-security": "^1.4.0",
        "mqtt": "^4.2.6",
        "path-to-regexp": "^6.2.0",
        "qs": "^6.11.0",
        "redis": "^4.0.2",
        "socket.io": "^4.1.2",
        "terminal-image": "^2.0.0",
        "typescript": "^4.5.4",
        "uri-templates": "^0.2.0",
        "utf-8-validate": "^5.0.5",
        "uuid": "^8.3.2",
        "walkdir": "^0.4.1",
        "word-wrap": "^1.2.3",
        "ws": "^7.4.6"
      },
      "bin": {
        "glee": "dist/cli/index.js"
      },
      "devDependencies": {
        "@semantic-release/commit-analyzer": "^8.0.1",
        "@semantic-release/github": "^7.0.4",
        "@semantic-release/npm": "^7.0.6",
        "@semantic-release/release-notes-generator": "^9.0.1",
        "@tsconfig/node14": "^1.0.1",
        "@types/async": "^3.2.11",
        "@types/debug": "^4.1.7",
        "@types/socket.io": "^3.0.2",
        "@types/uri-templates": "^0.1.31",
        "@types/ws": "^8.5.3",
        "@typescript-eslint/eslint-plugin": "^5.9.0",
        "@typescript-eslint/parser": "^5.9.0",
        "all-contributors-cli": "^6.14.2",
        "conventional-changelog-conventionalcommits": "^4.4.0",
        "eslint": "^8.6.0",
        "eslint-plugin-jest": "^23.8.2",
        "eslint-plugin-sonarjs": "^0.5.0",
        "jest": "^27.4.7",
        "jest-extended": "^1.2.0",
        "jsdoc-to-markdown": "^5.0.3",
        "markdown-toc": "^1.2.0",
        "rimraf": "^3.0.2",
        "semantic-release": "^17.2.2",
        "ts-jest": "^27.1.2",
        "tsc-watch": "^4.5.0",
        "typedoc": "^0.22.10",
        "typedoc-plugin-markdown": "^3.11.8",
        "unixify": "^1.0.0"
      },
      "engines": {
        "node": "^12.20.0 || ^14.13.1 || >=16.0.0"
      }
    },
    "node_modules/@apidevtools/json-schema-ref-parser": {
      "version": "9.0.9",
      "license": "MIT",
      "dependencies": {
        "@jsdevtools/ono": "^7.1.3",
        "@types/json-schema": "^7.0.6",
        "call-me-maybe": "^1.0.1",
        "js-yaml": "^4.1.0"
      }
    },
    "node_modules/@apidevtools/json-schema-ref-parser/node_modules/js-yaml": {
      "version": "4.1.0",
      "license": "MIT",
      "dependencies": {
        "argparse": "^2.0.1"
      },
      "bin": {
        "js-yaml": "bin/js-yaml.js"
      }
    },
    "node_modules/@asyncapi/glee": {
      "resolved": "../../..",
      "link": true
    },
    "node_modules/@asyncapi/parser": {
      "version": "1.17.2",
      "resolved": "https://registry.npmjs.org/@asyncapi/parser/-/parser-1.17.2.tgz",
      "integrity": "sha512-xI9GShIuQVfBz5IZ2c9h6cxcPTnfzI1fch6kYL+nF68Q3U669Un0K0TSeyEa57EfhTap53UIRTj7gFIM9QZTNQ==",
      "dependencies": {
        "@apidevtools/json-schema-ref-parser": "^9.0.6",
        "@asyncapi/specs": "^4.0.1",
        "@fmvilas/pseudo-yaml-ast": "^0.3.1",
        "ajv": "^6.10.1",
        "js-yaml": "^3.13.1",
        "json-to-ast": "^2.1.0",
        "lodash.clonedeep": "^4.5.0",
        "node-fetch": "^2.6.0",
        "tiny-merge-patch": "^0.1.2"
      }
    },
    "node_modules/@asyncapi/specs": {
      "version": "4.0.1",
      "resolved": "https://registry.npmjs.org/@asyncapi/specs/-/specs-4.0.1.tgz",
      "integrity": "sha512-3sKw49Y/TeKT/FO2YX/DlyOekytko5KFwNJ3zMPmai+pyhz3gux2p5zV5kGJRCwApI1gX0GJw6p15a6CZgg01w==",
      "dependencies": {
        "@types/json-schema": "^7.0.11"
      }
    },
    "node_modules/@fmvilas/pseudo-yaml-ast": {
      "version": "0.3.1",
      "license": "Apache-2.0",
      "dependencies": {
        "yaml-ast-parser": "0.0.43"
      }
    },
    "node_modules/@jsdevtools/ono": {
      "version": "7.1.3",
      "license": "MIT"
    },
    "node_modules/@types/json-schema": {
      "version": "7.0.11",
      "resolved": "https://registry.npmjs.org/@types/json-schema/-/json-schema-7.0.11.tgz",
      "integrity": "sha512-wOuvG1SN4Us4rez+tylwwwCV1psiNVOkJeM3AUWUNWg/jDQY2+HE/444y5gc+jBmRqASOm2Oeh5c1axHobwRKQ=="
    },
    "node_modules/ajv": {
      "version": "6.12.6",
      "license": "MIT",
      "dependencies": {
        "fast-deep-equal": "^3.1.1",
        "fast-json-stable-stringify": "^2.0.0",
        "json-schema-traverse": "^0.4.1",
        "uri-js": "^4.2.2"
      },
      "funding": {
        "type": "github",
        "url": "https://github.com/sponsors/epoberezkin"
      }
    },
    "node_modules/argparse": {
      "version": "2.0.1",
      "license": "Python-2.0"
    },
    "node_modules/call-me-maybe": {
      "version": "1.0.1",
      "license": "MIT"
    },
    "node_modules/code-error-fragment": {
      "version": "0.0.230",
      "license": "MIT",
      "engines": {
        "node": ">= 4"
      }
    },
    "node_modules/esprima": {
      "version": "4.0.1",
      "license": "BSD-2-Clause",
      "bin": {
        "esparse": "bin/esparse.js",
        "esvalidate": "bin/esvalidate.js"
      },
      "engines": {
        "node": ">=4"
      }
    },
    "node_modules/fast-deep-equal": {
      "version": "3.1.3",
      "license": "MIT"
    },
    "node_modules/fast-json-stable-stringify": {
      "version": "2.1.0",
      "license": "MIT"
    },
    "node_modules/flat-file-db": {
      "version": "1.0.0",
      "dependencies": {
        "mkdirp": "~0.3.5"
      }
    },
    "node_modules/flat-file-db/node_modules/mkdirp": {
      "version": "0.3.5",
      "license": "MIT"
    },
    "node_modules/grapheme-splitter": {
      "version": "1.0.4",
      "license": "MIT"
    },
    "node_modules/js-yaml": {
      "version": "3.14.1",
      "license": "MIT",
      "dependencies": {
        "argparse": "^1.0.7",
        "esprima": "^4.0.0"
      },
      "bin": {
        "js-yaml": "bin/js-yaml.js"
      }
    },
    "node_modules/js-yaml/node_modules/argparse": {
      "version": "1.0.10",
      "license": "MIT",
      "dependencies": {
        "sprintf-js": "~1.0.2"
      }
    },
    "node_modules/json-schema-traverse": {
      "version": "0.4.1",
      "license": "MIT"
    },
    "node_modules/json-to-ast": {
      "version": "2.1.0",
      "license": "MIT",
      "dependencies": {
        "code-error-fragment": "0.0.230",
        "grapheme-splitter": "^1.0.4"
      },
      "engines": {
        "node": ">= 4"
      }
    },
    "node_modules/lodash.clonedeep": {
      "version": "4.5.0",
      "license": "MIT"
    },
    "node_modules/lowdb": {
      "version": "3.0.0",
      "license": "MIT",
      "dependencies": {
        "steno": "^2.1.0"
      },
      "engines": {
        "node": "^12.20.0 || ^14.13.1 || >=16.0.0"
      },
      "funding": {
        "url": "https://github.com/sponsors/typicode"
      }
    },
    "node_modules/node-fetch": {
      "version": "2.6.5",
      "license": "MIT",
      "dependencies": {
        "whatwg-url": "^5.0.0"
      },
      "engines": {
        "node": "4.x || >=6.0.0"
      }
    },
    "node_modules/punycode": {
      "version": "2.1.1",
      "license": "MIT",
      "engines": {
        "node": ">=6"
      }
    },
    "node_modules/sprintf-js": {
      "version": "1.0.3",
      "license": "BSD-3-Clause"
    },
    "node_modules/steno": {
      "version": "2.1.0",
      "license": "MIT",
      "engines": {
        "node": "^14.13.1 || >=16.0.0"
      },
      "funding": {
        "url": "https://github.com/sponsors/typicode"
      }
    },
    "node_modules/tiny-merge-patch": {
      "version": "0.1.2",
      "license": "MIT"
    },
    "node_modules/tr46": {
      "version": "0.0.3",
      "license": "MIT"
    },
    "node_modules/uri-js": {
      "version": "4.4.1",
      "license": "BSD-2-Clause",
      "dependencies": {
        "punycode": "^2.1.0"
      }
    },
    "node_modules/webidl-conversions": {
      "version": "3.0.1",
      "license": "BSD-2-Clause"
    },
    "node_modules/whatwg-url": {
      "version": "5.0.0",
      "license": "MIT",
      "dependencies": {
        "tr46": "~0.0.3",
        "webidl-conversions": "^3.0.0"
      }
    },
    "node_modules/yaml-ast-parser": {
      "version": "0.0.43",
      "license": "Apache-2.0"
    }
  },
  "dependencies": {
    "@apidevtools/json-schema-ref-parser": {
      "version": "9.0.9",
      "requires": {
        "@jsdevtools/ono": "^7.1.3",
        "@types/json-schema": "^7.0.6",
        "call-me-maybe": "^1.0.1",
        "js-yaml": "^4.1.0"
      },
      "dependencies": {
        "js-yaml": {
          "version": "4.1.0",
          "requires": {
            "argparse": "^2.0.1"
          }
        }
      }
    },
    "@asyncapi/glee": {
      "version": "file:../../..",
      "requires": {
        "@asyncapi/generator": "^1.9.3",
        "@asyncapi/parser": "^1.13.1",
        "@semantic-release/commit-analyzer": "^8.0.1",
        "@semantic-release/github": "^7.0.4",
        "@semantic-release/npm": "^7.0.6",
        "@semantic-release/release-notes-generator": "^9.0.1",
        "@tsconfig/node14": "^1.0.1",
        "@types/async": "^3.2.11",
        "@types/debug": "^4.1.7",
        "@types/jest": "^27.4.0",
        "@types/qs": "^6.9.7",
        "@types/socket.io": "^3.0.2",
        "@types/uri-templates": "^0.1.31",
        "@types/ws": "^8.5.3",
        "@typescript-eslint/eslint-plugin": "^5.9.0",
        "@typescript-eslint/parser": "^5.9.0",
        "ajv": "^6.12.6",
        "all-contributors-cli": "^6.14.2",
        "async": "^3.2.0",
        "better-ajv-errors": "^0.7.0",
        "bufferutil": "^4.0.3",
        "chalk": "^4.1.1",
        "conventional-changelog-conventionalcommits": "^4.4.0",
        "cross-spawn": "^7.0.3",
        "debug": "^4.3.1",
        "dotenv": "^10.0.0",
        "dotenv-expand": "^5.1.0",
        "emojis": "^1.0.10",
        "eslint": "^8.6.0",
        "eslint-plugin-github": "^4.3.5",
        "eslint-plugin-jest": "^23.8.2",
        "eslint-plugin-security": "^1.4.0",
        "eslint-plugin-sonarjs": "^0.5.0",
        "jest": "^27.4.7",
        "jest-extended": "^1.2.0",
        "jsdoc-to-markdown": "^5.0.3",
        "markdown-toc": "^1.2.0",
        "mqtt": "^4.2.6",
        "path-to-regexp": "^6.2.0",
        "qs": "^6.11.0",
        "redis": "^4.0.2",
        "rimraf": "^3.0.2",
        "semantic-release": "^17.2.2",
        "socket.io": "^4.1.2",
        "terminal-image": "^2.0.0",
        "ts-jest": "^27.1.2",
        "tsc-watch": "^4.5.0",
        "typedoc": "^0.22.10",
        "typedoc-plugin-markdown": "^3.11.8",
        "typescript": "^4.5.4",
        "unixify": "^1.0.0",
        "uri-templates": "^0.2.0",
        "utf-8-validate": "^5.0.5",
        "uuid": "^8.3.2",
        "walkdir": "^0.4.1",
        "word-wrap": "^1.2.3",
        "ws": "^7.4.6"
      }
    },
    "@asyncapi/parser": {
      "version": "1.17.2",
      "resolved": "https://registry.npmjs.org/@asyncapi/parser/-/parser-1.17.2.tgz",
      "integrity": "sha512-xI9GShIuQVfBz5IZ2c9h6cxcPTnfzI1fch6kYL+nF68Q3U669Un0K0TSeyEa57EfhTap53UIRTj7gFIM9QZTNQ==",
      "requires": {
        "@apidevtools/json-schema-ref-parser": "^9.0.6",
        "@asyncapi/specs": "^4.0.1",
        "@fmvilas/pseudo-yaml-ast": "^0.3.1",
        "ajv": "^6.10.1",
        "js-yaml": "^3.13.1",
        "json-to-ast": "^2.1.0",
        "lodash.clonedeep": "^4.5.0",
        "node-fetch": "^2.6.0",
        "tiny-merge-patch": "^0.1.2"
      }
    },
    "@asyncapi/specs": {
      "version": "4.0.1",
      "resolved": "https://registry.npmjs.org/@asyncapi/specs/-/specs-4.0.1.tgz",
      "integrity": "sha512-3sKw49Y/TeKT/FO2YX/DlyOekytko5KFwNJ3zMPmai+pyhz3gux2p5zV5kGJRCwApI1gX0GJw6p15a6CZgg01w==",
      "requires": {
        "@types/json-schema": "^7.0.11"
      }
    },
    "@fmvilas/pseudo-yaml-ast": {
      "version": "0.3.1",
      "requires": {
        "yaml-ast-parser": "0.0.43"
      }
    },
    "@jsdevtools/ono": {
      "version": "7.1.3"
    },
    "@types/json-schema": {
      "version": "7.0.11",
      "resolved": "https://registry.npmjs.org/@types/json-schema/-/json-schema-7.0.11.tgz",
      "integrity": "sha512-wOuvG1SN4Us4rez+tylwwwCV1psiNVOkJeM3AUWUNWg/jDQY2+HE/444y5gc+jBmRqASOm2Oeh5c1axHobwRKQ=="
    },
    "ajv": {
      "version": "6.12.6",
      "requires": {
        "fast-deep-equal": "^3.1.1",
        "fast-json-stable-stringify": "^2.0.0",
        "json-schema-traverse": "^0.4.1",
        "uri-js": "^4.2.2"
      }
    },
    "argparse": {
      "version": "2.0.1"
    },
    "call-me-maybe": {
      "version": "1.0.1"
    },
    "code-error-fragment": {
      "version": "0.0.230"
    },
    "esprima": {
      "version": "4.0.1"
    },
    "fast-deep-equal": {
      "version": "3.1.3"
    },
    "fast-json-stable-stringify": {
      "version": "2.1.0"
    },
    "flat-file-db": {
      "version": "1.0.0",
      "requires": {
        "mkdirp": "~0.3.5"
      },
      "dependencies": {
        "mkdirp": {
          "version": "0.3.5"
        }
      }
    },
    "grapheme-splitter": {
      "version": "1.0.4"
    },
    "js-yaml": {
      "version": "3.14.1",
      "requires": {
        "argparse": "^1.0.7",
        "esprima": "^4.0.0"
      },
      "dependencies": {
        "argparse": {
          "version": "1.0.10",
          "requires": {
            "sprintf-js": "~1.0.2"
          }
        }
      }
    },
    "json-schema-traverse": {
      "version": "0.4.1"
    },
    "json-to-ast": {
      "version": "2.1.0",
      "requires": {
        "code-error-fragment": "0.0.230",
        "grapheme-splitter": "^1.0.4"
      }
    },
    "lodash.clonedeep": {
      "version": "4.5.0"
    },
    "lowdb": {
      "version": "3.0.0",
      "requires": {
        "steno": "^2.1.0"
      }
    },
    "node-fetch": {
      "version": "2.6.5",
      "requires": {
        "whatwg-url": "^5.0.0"
      }
    },
    "punycode": {
      "version": "2.1.1"
    },
    "sprintf-js": {
      "version": "1.0.3"
    },
    "steno": {
      "version": "2.1.0"
    },
    "tiny-merge-patch": {
      "version": "0.1.2"
    },
    "tr46": {
      "version": "0.0.3"
    },
    "uri-js": {
      "version": "4.4.1",
      "requires": {
        "punycode": "^2.1.0"
      }
    },
    "webidl-conversions": {
      "version": "3.0.1"
    },
    "whatwg-url": {
      "version": "5.0.0",
      "requires": {
        "tr46": "~0.0.3",
        "webidl-conversions": "^3.0.0"
      }
    },
    "yaml-ast-parser": {
      "version": "0.0.43"
    }
  }
}
